
Microsoft Visual Studio Solution File, Format Version 12.00
# Visual Studio Version 17
VisualStudioVersion = 17.0.31912.275
MinimumVisualStudioVersion = 10.0.40219.1
Project("{FAE04EC0-301F-11D3-BF4B-00C04F79EFBC}") = "Modul 10 - Aufgabe 4", "Modul 10 - Aufgabe 4.csproj", "{8FE72E88-349F-40E6-B479-9FD2693199F5}"
EndProject
Global
	GlobalSection(SolutionConfigurationPlatforms) = preSolution
		Debug|Any CPU = Debug|Any CPU
		Release|Any CPU = Release|Any CPU
	EndGlobalSection
	GlobalSection(ProjectConfigurationPlatforms) = postSolution
		{8FE72E88-349F-40E6-B479-9FD2693199F5}.Debug|Any CPU.ActiveCfg = Debug|Any CPU
		{8FE72E88-349F-40E6-B479-9FD2693199F5}.Debug|Any CPU.Build.0 = Debug|Any CPU
		{8FE72E88-349F-40E6-B479-9FD2693199F5}.Release|Any CPU.ActiveCfg = Release|Any CPU
		{8FE72E88-349F-40E6-B479-9FD2693199F5}.Release|Any CPU.Build.0 = Release|Any CPU
	EndGlobalSection
	GlobalSection(SolutionProperties) = preSolution
		HideSolutionNode = FALSE
	EndGlobalSection
	GlobalSection(ExtensibilityGlobals) = postSolution
		SolutionGuid = {187C7E22-FCAA-4738-B560-ADDE8FC84E1E}
	EndGlobalSection
EndGlobal
